{
  "version": 4,
  "terraform_version": "1.5.7",
  "serial": 6,
  "lineage": "2ab158a4-785b-b8be-4777-dbef119dc282",
  "outputs": {},
  "resources": [
    {
      "mode": "managed",
      "type": "aws_iam_group",
      "name": "admin",
      "provider": "provider[\"registry.terraform.io/hashicorp/aws\"]",
      "instances": [
        {
          "schema_version": 0,
          "attributes": {
            "arn": "arn:aws:iam::815497739636:group/admin",
            "id": "admin",
            "name": "admin",
            "path": "/",
            "unique_id": "AGPA33X3T7V2AGEH3UV4L"
          },
          "sensitive_attributes": [],
          "private": "bnVsbA=="
        }
      ]
    },
    {
      "mode": "managed",
      "type": "aws_iam_group_policy_attachment",
      "name": "admin_attach",
      "provider": "provider[\"registry.terraform.io/hashicorp/aws\"]",
      "instances": [
        {
          "schema_version": 0,
          "attributes": {
            "group": "admin",
            "id": "admin-20260115044347474700000001",
            "policy_arn": "arn:aws:iam::aws:policy/AdministratorAccess"
          },
          "sensitive_attributes": [],
          "private": "bnVsbA==",
          "dependencies": [
            "aws_iam_group.admin"
          ]
        }
      ]
    },
    {
      "mode": "managed",
      "type": "aws_iam_user",
      "name": "my_admin_user",
      "provider": "provider[\"registry.terraform.io/hashicorp/aws\"]",
      "instances": [
        {
          "schema_version": 0,
          "attributes": {
            "arn": "arn:aws:iam::815497739636:user/admin",
            "force_destroy": false,
            "id": "admin",
            "name": "admin",
            "path": "/",
            "permissions_boundary": "",
            "tags": {
              "Description": "Main user im using to configure"
            },
            "tags_all": {
              "Description": "Main user im using to configure"
            },
            "unique_id": "AIDA33X3T7V2H4DHPLJBD"
          },
          "sensitive_attributes": [],
          "private": "bnVsbA=="
        }
      ]
    },
    {
      "mode": "managed",
      "type": "aws_iam_user_group_membership",
      "name": "add_user_to_group",
      "provider": "provider[\"registry.terraform.io/hashicorp/aws\"]",
      "instances": [
        {
          "schema_version": 0,
          "attributes": {
            "groups": [
              "admin"
            ],
            "id": "terraform-20260115044347616200000002",
            "user": "admin"
          },
          "sensitive_attributes": [],
          "private": "bnVsbA==",
          "dependencies": [
            "aws_iam_group.admin",
            "aws_iam_user.my_admin_user"
          ]
        }
      ]
    },
    {
      "mode": "managed",
      "type": "aws_iam_user_login_profile",
      "name": "my_admin_login",
      "provider": "provider[\"registry.terraform.io/hashicorp/aws\"]",
      "instances": [
        {
          "schema_version": 0,
          "attributes": {
            "encrypted_password": null,
            "id": "admin",
            "key_fingerprint": null,
            "password": "l$q3[01y2[l@I%b{jzAt",
            "password_length": 20,
            "password_reset_required": true,
            "pgp_key": null,
            "user": "admin"
          },
          "sensitive_attributes": [],
          "private": "bnVsbA==",
          "dependencies": [
            "aws_iam_user.my_admin_user"
          ]
        }
      ]
    }
  ],
  "check_results": null
}
